
Microsoft Visual Studio Solution File, Format Version 12.00
# Visual Studio Version 17
VisualStudioVersion = 17.0.31903.59
MinimumVisualStudioVersion = 10.0.40219.1
Project("{2150E333-8FDC-42A3-9474-1A3956D46DE8}") = "src", "src", "{827E0CD3-B72D-47B6-A68D-7590B98EB39B}"
EndProject
Project("{2150E333-8FDC-42A3-9474-1A3956D46DE8}") = "Services", "Services", "{984BB9B3-3FA3-BE33-9484-CAC21695A33C}"
EndProject
Project("{FAE04EC0-301F-11D3-BF4B-00C04F79EFBC}") = "IdentityService", "src\Services\IdentityService\IdentityService.csproj", "{FE3F4FB1-7335-4219-A933-248E47DB6A19}"
EndProject
Project("{2150E333-8FDC-42A3-9474-1A3956D46DE8}") = "Gateways", "Gateways", "{CBE535C5-B51A-60E9-4D99-AC1BFAA908A1}"
EndProject
Project("{FAE04EC0-301F-11D3-BF4B-00C04F79EFBC}") = "ApiGateway", "src\Gateways\ApiGateway\ApiGateway.csproj", "{7B1E4E72-A35D-4D07-8A41-8A8BF1DA6EFC}"
EndProject
Project("{2150E333-8FDC-42A3-9474-1A3956D46DE8}") = "Web", "Web", "{03997797-E7F5-0643-168D-B8EA7178C2FE}"
EndProject
Project("{FAE04EC0-301F-11D3-BF4B-00C04F79EFBC}") = "Razor.Web", "src\Web\Razor.Web\Razor.Web.csproj", "{4648A2A3-7237-4245-B46E-AF90757E255E}"
EndProject
Project("{FAE04EC0-301F-11D3-BF4B-00C04F79EFBC}") = "Razor.Admin", "src\Web\Razor.Admin\Razor.Admin.csproj", "{58EA2853-5158-4D79-B6EF-068C67DD15DC}"
EndProject
Global
	GlobalSection(SolutionConfigurationPlatforms) = preSolution
		Debug|Any CPU = Debug|Any CPU
		Debug|x64 = Debug|x64
		Debug|x86 = Debug|x86
		Release|Any CPU = Release|Any CPU
		Release|x64 = Release|x64
		Release|x86 = Release|x86
	EndGlobalSection
	GlobalSection(ProjectConfigurationPlatforms) = postSolution
		{FE3F4FB1-7335-4219-A933-248E47DB6A19}.Debug|Any CPU.ActiveCfg = Debug|Any CPU
		{FE3F4FB1-7335-4219-A933-248E47DB6A19}.Debug|Any CPU.Build.0 = Debug|Any CPU
		{FE3F4FB1-7335-4219-A933-248E47DB6A19}.Debug|x64.ActiveCfg = Debug|Any CPU
		{FE3F4FB1-7335-4219-A933-248E47DB6A19}.Debug|x64.Build.0 = Debug|Any CPU
		{FE3F4FB1-7335-4219-A933-248E47DB6A19}.Debug|x86.ActiveCfg = Debug|Any CPU
		{FE3F4FB1-7335-4219-A933-248E47DB6A19}.Debug|x86.Build.0 = Debug|Any CPU
		{FE3F4FB1-7335-4219-A933-248E47DB6A19}.Release|Any CPU.ActiveCfg = Release|Any CPU
		{FE3F4FB1-7335-4219-A933-248E47DB6A19}.Release|Any CPU.Build.0 = Release|Any CPU
		{FE3F4FB1-7335-4219-A933-248E47DB6A19}.Release|x64.ActiveCfg = Release|Any CPU
		{FE3F4FB1-7335-4219-A933-248E47DB6A19}.Release|x64.Build.0 = Release|Any CPU
		{FE3F4FB1-7335-4219-A933-248E47DB6A19}.Release|x86.ActiveCfg = Release|Any CPU
		{FE3F4FB1-7335-4219-A933-248E47DB6A19}.Release|x86.Build.0 = Release|Any CPU
		{7B1E4E72-A35D-4D07-8A41-8A8BF1DA6EFC}.Debug|Any CPU.ActiveCfg = Debug|Any CPU
		{7B1E4E72-A35D-4D07-8A41-8A8BF1DA6EFC}.Debug|Any CPU.Build.0 = Debug|Any CPU
		{7B1E4E72-A35D-4D07-8A41-8A8BF1DA6EFC}.Debug|x64.ActiveCfg = Debug|Any CPU
		{7B1E4E72-A35D-4D07-8A41-8A8BF1DA6EFC}.Debug|x64.Build.0 = Debug|Any CPU
		{7B1E4E72-A35D-4D07-8A41-8A8BF1DA6EFC}.Debug|x86.ActiveCfg = Debug|Any CPU
		{7B1E4E72-A35D-4D07-8A41-8A8BF1DA6EFC}.Debug|x86.Build.0 = Debug|Any CPU
		{7B1E4E72-A35D-4D07-8A41-8A8BF1DA6EFC}.Release|Any CPU.ActiveCfg = Release|Any CPU
		{7B1E4E72-A35D-4D07-8A41-8A8BF1DA6EFC}.Release|Any CPU.Build.0 = Release|Any CPU
		{7B1E4E72-A35D-4D07-8A41-8A8BF1DA6EFC}.Release|x64.ActiveCfg = Release|Any CPU
		{7B1E4E72-A35D-4D07-8A41-8A8BF1DA6EFC}.Release|x64.Build.0 = Release|Any CPU
		{7B1E4E72-A35D-4D07-8A41-8A8BF1DA6EFC}.Release|x86.ActiveCfg = Release|Any CPU
		{7B1E4E72-A35D-4D07-8A41-8A8BF1DA6EFC}.Release|x86.Build.0 = Release|Any CPU
		{4648A2A3-7237-4245-B46E-AF90757E255E}.Debug|Any CPU.ActiveCfg = Debug|Any CPU
		{4648A2A3-7237-4245-B46E-AF90757E255E}.Debug|Any CPU.Build.0 = Debug|Any CPU
		{4648A2A3-7237-4245-B46E-AF90757E255E}.Debug|x64.ActiveCfg = Debug|Any CPU
		{4648A2A3-7237-4245-B46E-AF90757E255E}.Debug|x64.Build.0 = Debug|Any CPU
		{4648A2A3-7237-4245-B46E-AF90757E255E}.Debug|x86.ActiveCfg = Debug|Any CPU
		{4648A2A3-7237-4245-B46E-AF90757E255E}.Debug|x86.Build.0 = Debug|Any CPU
		{4648A2A3-7237-4245-B46E-AF90757E255E}.Release|Any CPU.ActiveCfg = Release|Any CPU
		{4648A2A3-7237-4245-B46E-AF90757E255E}.Release|Any CPU.Build.0 = Release|Any CPU
		{4648A2A3-7237-4245-B46E-AF90757E255E}.Release|x64.ActiveCfg = Release|Any CPU
		{4648A2A3-7237-4245-B46E-AF90757E255E}.Release|x64.Build.0 = Release|Any CPU
		{4648A2A3-7237-4245-B46E-AF90757E255E}.Release|x86.ActiveCfg = Release|Any CPU
		{4648A2A3-7237-4245-B46E-AF90757E255E}.Release|x86.Build.0 = Release|Any CPU
		{58EA2853-5158-4D79-B6EF-068C67DD15DC}.Debug|Any CPU.ActiveCfg = Debug|Any CPU
		{58EA2853-5158-4D79-B6EF-068C67DD15DC}.Debug|Any CPU.Build.0 = Debug|Any CPU
		{58EA2853-5158-4D79-B6EF-068C67DD15DC}.Debug|x64.ActiveCfg = Debug|Any CPU
		{58EA2853-5158-4D79-B6EF-068C67DD15DC}.Debug|x64.Build.0 = Debug|Any CPU
		{58EA2853-5158-4D79-B6EF-068C67DD15DC}.Debug|x86.ActiveCfg = Debug|Any CPU
		{58EA2853-5158-4D79-B6EF-068C67DD15DC}.Debug|x86.Build.0 = Debug|Any CPU
		{58EA2853-5158-4D79-B6EF-068C67DD15DC}.Release|Any CPU.ActiveCfg = Release|Any CPU
		{58EA2853-5158-4D79-B6EF-068C67DD15DC}.Release|Any CPU.Build.0 = Release|Any CPU
		{58EA2853-5158-4D79-B6EF-068C67DD15DC}.Release|x64.ActiveCfg = Release|Any CPU
		{58EA2853-5158-4D79-B6EF-068C67DD15DC}.Release|x64.Build.0 = Release|Any CPU
		{58EA2853-5158-4D79-B6EF-068C67DD15DC}.Release|x86.ActiveCfg = Release|Any CPU
		{58EA2853-5158-4D79-B6EF-068C67DD15DC}.Release|x86.Build.0 = Release|Any CPU
	EndGlobalSection
	GlobalSection(SolutionProperties) = preSolution
		HideSolutionNode = FALSE
	EndGlobalSection
	GlobalSection(NestedProjects) = preSolution
		{984BB9B3-3FA3-BE33-9484-CAC21695A33C} = {827E0CD3-B72D-47B6-A68D-7590B98EB39B}
		{FE3F4FB1-7335-4219-A933-248E47DB6A19} = {984BB9B3-3FA3-BE33-9484-CAC21695A33C}
		{CBE535C5-B51A-60E9-4D99-AC1BFAA908A1} = {827E0CD3-B72D-47B6-A68D-7590B98EB39B}
		{7B1E4E72-A35D-4D07-8A41-8A8BF1DA6EFC} = {CBE535C5-B51A-60E9-4D99-AC1BFAA908A1}
		{03997797-E7F5-0643-168D-B8EA7178C2FE} = {827E0CD3-B72D-47B6-A68D-7590B98EB39B}
		{4648A2A3-7237-4245-B46E-AF90757E255E} = {03997797-E7F5-0643-168D-B8EA7178C2FE}
		{58EA2853-5158-4D79-B6EF-068C67DD15DC} = {03997797-E7F5-0643-168D-B8EA7178C2FE}
	EndGlobalSection
EndGlobal
